# THIS IS AN AUTOGENERATED FILE. DO NOT EDIT THIS FILE DIRECTLY.
# yarn lockfile v1


gap-front-event@^2.0.0:
  version "2.0.0"
  resolved "https://registry.yarnpkg.com/gap-front-event/-/gap-front-event-2.0.0.tgz#1afd71f5bbb0d94a4efd350424a708cd8b7b4f52"

gap-front-routing@^1.0.5:
  version "1.0.5"
  resolved "https://registry.yarnpkg.com/gap-front-routing/-/gap-front-routing-1.0.5.tgz#cfe01bee32ce2791af21b0467070b2884ce4fb18"

gap-front-web@^1.2.11:
  version "1.2.11"
  resolved "https://registry.yarnpkg.com/gap-front-web/-/gap-front-web-1.2.11.tgz#7538ceeb5bf1eb0dd56928b98164ba9418fe1ec6"
  dependencies:
    gap-front-event "^2.0.0"
